
Microsoft Visual Studio Solution File, Format Version 12.00
# Visual Studio Version 17
VisualStudioVersion = 17.9.34902.65
MinimumVisualStudioVersion = 10.0.40219.1
Project("{9A19103F-16F7-4668-BE54-9A1E7A4F7556}") = "WebApplication1", "WebApplication1\WebApplication1.csproj", "{5F2D7F34-9F1D-4EC1-8421-A77ECB7B0B36}"
EndProject
Global
	GlobalSection(SolutionConfigurationPlatforms) = preSolution
		Debug|Any CPU = Debug|Any CPU
		Release|Any CPU = Release|Any CPU
	EndGlobalSection
	GlobalSection(ProjectConfigurationPlatforms) = postSolution
		{5F2D7F34-9F1D-4EC1-8421-A77ECB7B0B36}.Debug|Any CPU.ActiveCfg = Debug|Any CPU
		{5F2D7F34-9F1D-4EC1-8421-A77ECB7B0B36}.Debug|Any CPU.Build.0 = Debug|Any CPU
		{5F2D7F34-9F1D-4EC1-8421-A77ECB7B0B36}.Release|Any CPU.ActiveCfg = Release|Any CPU
		{5F2D7F34-9F1D-4EC1-8421-A77ECB7B0B36}.Release|Any CPU.Build.0 = Release|Any CPU
	EndGlobalSection
	GlobalSection(SolutionProperties) = preSolution
		HideSolutionNode = FALSE
	EndGlobalSection
	GlobalSection(ExtensibilityGlobals) = postSolution
		SolutionGuid = {8692D706-6CDD-40B3-9671-688E65A953BC}
	EndGlobalSection
EndGlobal
